{
  "name": "view",
  "version": "0.1.0",
  "lockfileVersion": 1,
  "requires": true,
  "dependencies": {
    "array-find": {
      "version": "1.0.0",
      "resolved": "https://registry.npmjs.org/array-find/-/array-find-1.0.0.tgz",
      "integrity": "sha1-bI4obRHtdoMn+OYuzuhzU8o+eLg="
    },
    "contains-path": {
      "version": "1.0.0",
      "resolved": "https://registry.npmjs.org/contains-path/-/contains-path-1.0.0.tgz",
      "integrity": "sha1-NFizMhhWA+ju0Y9RjUoQiIo6vJE=",
      "requires": {
        "normalize-path": "^2.1.1",
        "path-starts-with": "^1.0.0"
      }
    },
    "find-root": {
      "version": "1.1.0",
      "resolved": "https://registry.npmjs.org/find-root/-/find-root-1.1.0.tgz",
      "integrity": "sha512-NKfW6bec6GfKc0SGx1e07QZY9PE99u0Bft/0rzSD5k3sO/vwkVUpDUKVm5Gpp5Ue3YfShPFTX2070tDs5kB9Ng=="
    },
    "normalize-path": {
      "version": "2.1.1",
      "resolved": "https://registry.npmjs.org/normalize-path/-/normalize-path-2.1.1.tgz",
      "integrity": "sha1-GrKLVW4Zg2Oowab35vogE3/mrtk=",
      "requires": {
        "remove-trailing-separator": "^1.0.1"
      }
    },
    "path-starts-with": {
      "version": "1.0.0",
      "resolved": "https://registry.npmjs.org/path-starts-with/-/path-starts-with-1.0.0.tgz",
      "integrity": "sha1-soJDAV6LE43lcmgqxS2kLmRq2E4=",
      "requires": {
        "normalize-path": "^2.1.1"
      }
    },
    "remove-trailing-separator": {
      "version": "1.1.0",
      "resolved": "https://registry.npmjs.org/remove-trailing-separator/-/remove-trailing-separator-1.1.0.tgz",
      "integrity": "sha1-wkvOKig62tW8P1jg1IJJuSN52O8="
    }
  }
}
